<?xml version="1.0" encoding="utf-8"?>
<Project ToolsVersion="4.0" xmlns="http://schemas.microsoft.com/developer/msbuild/2003">
  <ItemGroup>
    <Filter Include="hi">
      <UniqueIdentifier>{da677a43-7ca3-41c9-81f6-28b7f31d0c94}</UniqueIdentifier>
    </Filter>
    <Filter Include="hi\native">
      <UniqueIdentifier>{88395cb4-a630-42d7-bc89-1e594b7ce840}</UniqueIdentifier>
    </Filter>
    <Filter Include="hi\platform">
      <UniqueIdentifier>{c3e16216-965a-4591-ae15-abd398b2537e}</UniqueIdentifier>
    </Filter>
    <Filter Include="hi\platform\windows">
      <UniqueIdentifier>{27bb5a2d-89c1-4c36-b58b-eb831ba0e946}</UniqueIdentifier>
    </Filter>
    <Filter Include="tests">
      <UniqueIdentifier>{b84a88d8-0689-45db-86a6-8b4547d26f68}</UniqueIdentifier>
    </Filter>
  </ItemGroup>
  <ItemGroup>
    <ClInclude Include="..\hi\native\framebuffer.hpp">
      <Filter>hi\native</Filter>
    </ClInclude>
    <ClInclude Include="..\hi\native\opengl.hpp">
      <Filter>hi\native</Filter>
    </ClInclude>
    <ClInclude Include="..\hi\native\socket.hpp">
      <Filter>hi\native</Filter>
    </ClInclude>
    <ClInclude Include="..\hi\native\i_window.hpp">
      <Filter>hi\native</Filter>
    </ClInclude>
    <ClInclude Include="..\hi\io.hpp">
      <Filter>hi</Filter>
    </ClInclude>
    <ClInclude Include="..\hi\native\types.hpp">
      <Filter>hi\native</Filter>
    </ClInclude>
    <ClInclude Include="..\hi\native\syscalls.hpp">
      <Filter>hi\native</Filter>
    </ClInclude>
    <ClInclude Include="..\hi\native\battery.hpp">
      <Filter>hi\native</Filter>
    </ClInclude>
    <ClInclude Include="..\hi\native\out.hpp">
      <Filter>hi\native</Filter>
    </ClInclude>
    <ClInclude Include="..\hi\native\out_impl.hpp">
      <Filter>hi\native</Filter>
    </ClInclude>
    <ClInclude Include="..\hi\native\atomic.hpp">
      <Filter>hi\native</Filter>
    </ClInclude>
    <ClInclude Include="..\hi\native\slot_alloc.hpp">
      <Filter>hi\native</Filter>
    </ClInclude>
    <ClInclude Include="..\hi\native\ptr.hpp">
      <Filter>hi\native</Filter>
    </ClInclude>
    <ClInclude Include="..\hi\native\window.hpp">
      <Filter>hi\native</Filter>
    </ClInclude>
    <ClInclude Include="..\hi\platform\windows\window_impl.hpp">
      <Filter>hi\platform\windows</Filter>
    </ClInclude>
    <ClInclude Include="..\hi\platform\windows\framebuffer_impl.hpp">
      <Filter>hi\platform\windows</Filter>
    </ClInclude>
    <ClInclude Include="..\hi\platform\windows\opengl_impl.hpp">
      <Filter>hi\platform\windows</Filter>
    </ClInclude>
    <ClInclude Include="..\hi\native\gl_loader.hpp">
      <Filter>hi\native</Filter>
    </ClInclude>
    <ClInclude Include="..\hi\window.hpp">
      <Filter>hi</Filter>
    </ClInclude>
    <ClInclude Include="..\hi\native\filesystem.hpp">
      <Filter>hi\native</Filter>
    </ClInclude>
    <ClInclude Include="..\hi\filesystem.hpp">
      <Filter>hi</Filter>
    </ClInclude>
    <ClInclude Include="..\hi\platform\windows\filesystem_impl.hpp">
      <Filter>hi\platform\windows</Filter>
    </ClInclude>
    <ClInclude Include="..\hi\native\containers.hpp">
      <Filter>hi\native</Filter>
    </ClInclude>
    <ClInclude Include="..\examples\tests\types.hpp">
      <Filter>tests</Filter>
    </ClInclude>
    <ClInclude Include="..\hi\native\file.hpp">
      <Filter>hi\native</Filter>
    </ClInclude>
    <ClInclude Include="..\hi\platform\windows\file_impl.hpp">
      <Filter>hi\platform\windows</Filter>
    </ClInclude>
    <ClInclude Include="..\examples\tests\atomic.hpp">
      <Filter>tests</Filter>
    </ClInclude>
    <ClInclude Include="..\examples\tests\catch.hpp">
      <Filter>tests</Filter>
    </ClInclude>
    <ClInclude Include="..\examples\tests\containers.hpp">
      <Filter>tests</Filter>
    </ClInclude>
    <ClInclude Include="..\examples\tests\file.hpp">
      <Filter>tests</Filter>
    </ClInclude>
    <ClInclude Include="..\examples\tests\filesystem.hpp">
      <Filter>tests</Filter>
    </ClInclude>
    <ClInclude Include="..\examples\tests\syscalls.hpp">
      <Filter>tests</Filter>
    </ClInclude>
  </ItemGroup>
  <ItemGroup>
    <ClCompile Include="..\hi\source.cpp">
      <Filter>hi</Filter>
    </ClCompile>
    <ClCompile Include="..\examples\hi.cpp">
      <Filter>tests</Filter>
    </ClCompile>
  </ItemGroup>
</Project>